{
  "nodes": {
    "nixpkgs": {
      "locked": {
        "lastModified": 1790635395,
        "narHash": "sha256-bNyvoIyOCu7lzoCpWKWGIsHpTtERUWzqYWFPlN++WTw=",
        "owner": "NixOS",
        "repo": "nixpkgs",
        "rev": "7fc6f2c20af09cdcaf48b92ec3121860139ec668",
        "type": "github"
      },
      "original": {
        "owner": "NixOS",
        "repo": "nixpkgs",
        "rev": "7fc6f2c20af09cdcaf48b92ec3121860139ec668",
        "type": "github"
      }
    },
    "root": {
      "inputs": {
        "nixpkgs": "nixpkgs",
        "wps": "wps"
      }
    },
    "wps": {
      "flake": false,
      "locked": {
        "lastModified": 1783375406,
        "narHash": "sha256-fR9BjsJDeE43gfVDX6WSVe6o/dvUrlHc+Bqc+XTS1TU=",
        "owner": "wrf-model",
        "repo": "WPS",
        "rev": "5feccecd63384381b6942371c7a837f66e4ccb84",
        "type": "github"
      },
      "original": {
        "owner": "wrf-model",
        "repo": "WPS",
        "rev": "5feccecd63384381b6942371c7a837f66e4ccb84",
        "type": "github"
      }
    }
  },
  "root": "root",
  "version": 7
}
